
Microsoft Visual Studio Solution File, Format Version 12.00
# Visual Studio 15
Project("{FAE04EC0-301F-11D3-BF4B-00C04F79EFBC}") = "WinterProject", "WinterProject.csproj", "{153F83C6-97A8-4447-BA55-D72EF4B5E36C}"
EndProject
Project("{2150E333-8FDC-42A3-9474-1A3956D46DE8}") = "Solution Items", "Solution Items", "{0A66F401-3F93-4FE6-A4AD-BD19692118F0}"
	ProjectSection(SolutionItems) = preProject
		Program.cs = Program.cs
	EndProjectSection
EndProject
Global
	GlobalSection(SolutionConfigurationPlatforms) = preSolution
		Debug|Any CPU = Debug|Any CPU
		Release|Any CPU = Release|Any CPU
	EndGlobalSection
	GlobalSection(ProjectConfigurationPlatforms) = postSolution
		{153F83C6-97A8-4447-BA55-D72EF4B5E36C}.Debug|Any CPU.ActiveCfg = Debug|Any CPU
		{153F83C6-97A8-4447-BA55-D72EF4B5E36C}.Debug|Any CPU.Build.0 = Debug|Any CPU
		{153F83C6-97A8-4447-BA55-D72EF4B5E36C}.Release|Any CPU.ActiveCfg = Release|Any CPU
		{153F83C6-97A8-4447-BA55-D72EF4B5E36C}.Release|Any CPU.Build.0 = Release|Any CPU
	EndGlobalSection
	GlobalSection(MonoDevelopProperties) = preSolution
		Policies = $0
		$0.DotNetNamingPolicy = $1
		$1.DirectoryNamespaceAssociation = PrefixedHierarchical
		$0.TextStylePolicy = $2
		$2.inheritsSet = null
		$2.scope = text/x-csharp
		$0.CSharpFormattingPolicy = $3
		$3.scope = text/x-csharp
		$0.TextStylePolicy = $4
		$4.FileWidth = 80
		$4.TabsToSpaces = True
		$4.scope = text/plain
		$0.StandardHeader = $5
	EndGlobalSection
EndGlobal
